
Microsoft Visual Studio Solution File, Format Version 12.00
# Visual Studio Version 16
VisualStudioVersion = 16.0.30611.23
MinimumVisualStudioVersion = 10.0.40219.1
Project("{FAE04EC0-301F-11D3-BF4B-00C04F79EFBC}") = "Assignment4", "Assignment4.csproj", "{5EDE05BB-24B2-4FFA-9A18-CA2D57C12A49}"
EndProject
Global
	GlobalSection(SolutionConfigurationPlatforms) = preSolution
		Debug|Any CPU = Debug|Any CPU
		Release|Any CPU = Release|Any CPU
	EndGlobalSection
	GlobalSection(ProjectConfigurationPlatforms) = postSolution
		{5EDE05BB-24B2-4FFA-9A18-CA2D57C12A49}.Debug|Any CPU.ActiveCfg = Debug|Any CPU
		{5EDE05BB-24B2-4FFA-9A18-CA2D57C12A49}.Debug|Any CPU.Build.0 = Debug|Any CPU
		{5EDE05BB-24B2-4FFA-9A18-CA2D57C12A49}.Release|Any CPU.ActiveCfg = Release|Any CPU
		{5EDE05BB-24B2-4FFA-9A18-CA2D57C12A49}.Release|Any CPU.Build.0 = Release|Any CPU
	EndGlobalSection
	GlobalSection(SolutionProperties) = preSolution
		HideSolutionNode = FALSE
	EndGlobalSection
	GlobalSection(ExtensibilityGlobals) = postSolution
		SolutionGuid = {95F10812-540E-401E-AF81-283BD565A04F}
	EndGlobalSection
EndGlobal
